// !$*UTF8*$!
{
	archiveVersion = 1;
	classes = {
	};
	objectVersion = 46;
	objects = {

/* Begin PBXBuildFile section */
		7BF1A8FA1AEE782900836F3A /* main.c in Sources */ = {isa = PBXBuildFile; fileRef = 7BF1A8F91AEE782900836F3A /* main.c */; };
		7BF1A9091AEE7C7700836F3A /* utils.c in Sources */ = {isa = PBXBuildFile; fileRef = 7BF1A9071AEE7C7700836F3A /* utils.c */; };
/* End PBXBuildFile section */

/* Begin PBXCopyFilesBuildPhase section */
		7BF1A8F41AEE782900836F3A /* CopyFiles */ = {
			isa = PBXCopyFilesBuildPhase;
			buildActionMask = 2147483647;
			dstPath = /usr/share/man/man1/;
			dstSubfolderSpec = 0;
			files = (
			);
			runOnlyForDeploymentPostprocessing = 1;
		};
/* End PBXCopyFilesBuildPhase section */

/* Begin PBXFileReference section */
		7BF1A8F61AEE782900836F3A /* mach_race_client */ = {isa = PBXFileReference; explicitFileType = "compiled.mach-o.executable"; includeInIndex = 0; path = mach_race_client; sourceTree = BUILT_PRODUCTS_DIR; };
		7BF1A8F91AEE782900836F3A /* main.c */ = {isa = PBXFileReference; lastKnownFileType = sourcecode.c.c; path = main.c; sourceTree = "<group>"; };
		7BF1A9051AEE7C7700836F3A /* logging.h */ = {isa = PBXFileReference; fileEncoding = 4; lastKnownFileType = sourcecode.c.h; name = logging.h; path = ../../mach_race_server/mach_race_server/logging.h; sourceTree = "<group>"; };
		7BF1A9061AEE7C7700836F3A /* simple_ipc_common.h */ = {isa = PBXFileReference; fileEncoding = 4; lastKnownFileType = sourcecode.c.h; name = simple_ipc_common.h; path = ../../mach_race_server/mach_race_server/simple_ipc_common.h; sourceTree = "<group>"; };
		7BF1A9071AEE7C7700836F3A /* utils.c */ = {isa = PBXFileReference; fileEncoding = 4; lastKnownFileType = sourcecode.c.c; name = utils.c; path = ../../mach_race_server/mach_race_server/utils.c; sourceTree = "<group>"; };
		7BF1A9081AEE7C7700836F3A /* utils.h */ = {isa = PBXFileReference; fileEncoding = 4; lastKnownFileType = sourcecode.c.h; name = utils.h; path = ../../mach_race_server/mach_race_server/utils.h; sourceTree = "<group>"; };
/* End PBXFileReference section */

/* Begin PBXFrameworksBuildPhase section */
		7BF1A8F31AEE782900836F3A /* Frameworks */ = {
			isa = PBXFrameworksBuildPhase;
			buildActionMask = 2147483647;
			files = (
			);
			runOnlyForDeploymentPostprocessing = 0;
		};
/* End PBXFrameworksBuildPhase section */

/* Begin PBXGroup section */
		7BF1A8ED1AEE782900836F3A = {
			isa = PBXGroup;
			children = (
				7BF1A8F81AEE782900836F3A /* mach_race_client */,
				7BF1A8F71AEE782900836F3A /* Products */,
			);
			sourceTree = "<group>";
		};
		7BF1A8F71AEE782900836F3A /* Products */ = {
			isa = PBXGroup;
			children = (
				7BF1A8F61AEE782900836F3A /* mach_race_client */,
			);
			name = Products;
			sourceTree = "<group>";
		};
		7BF1A8F81AEE782900836F3A /* mach_race_client */ = {
			isa = PBXGroup;
			children = (
				7BF1A8F91AEE782900836F3A /* main.c */,
				7BF1A9051AEE7C7700836F3A /* logging.h */,
				7BF1A9061AEE7C7700836F3A /* simple_ipc_common.h */,
				7BF1A9071AEE7C7700836F3A /* utils.c */,
				7BF1A9081AEE7C7700836F3A /* utils.h */,
			);
			path = mach_race_client;
			sourceTree = "<group>";
		};
/* End PBXGroup section */

/* Begin PBXNativeTarget section */
		7BF1A8F51AEE782900836F3A /* mach_race_client */ = {
			isa = PBXNativeTarget;
			buildConfigurationList = 7BF1A8FD1AEE782900836F3A /* Build configuration list for PBXNativeTarget "mach_race_client" */;
			buildPhases = (
				7BF1A8F21AEE782900836F3A /* Sources */,
				7BF1A8F31AEE782900836F3A /* Frameworks */,
				7BF1A8F41AEE782900836F3A /* CopyFiles */,
			);
			buildRules = (
			);
			dependencies = (
			);
			name = mach_race_client;
			productName = mach_race_client;
			productReference = 7BF1A8F61AEE782900836F3A /* mach_race_client */;
			productType = "com.apple.product-type.tool";
		};
/* End PBXNativeTarget section */

/* Begin PBXProject section */
		7BF1A8EE1AEE782900836F3A /* Project object */ = {
			isa = PBXProject;
			attributes = {
				LastUpgradeCheck = 0620;
				ORGANIZATIONNAME = Put.as;
				TargetAttributes = {
					7BF1A8F51AEE782900836F3A = {
						CreatedOnToolsVersion = 6.2;
					};
				};
			};
			buildConfigurationList = 7BF1A8F11AEE782900836F3A /* Build configuration list for PBXProject "mach_race_client" */;
			compatibilityVersion = "Xcode 3.2";
			developmentRegion = English;
			hasScannedForEncodings = 0;
			knownRegions = (
				en,
			);
			mainGroup = 7BF1A8ED1AEE782900836F3A;
			productRefGroup = 7BF1A8F71AEE782900836F3A /* Products */;
			projectDirPath = "";
			projectRoot = "";
			targets = (
				7BF1A8F51AEE782900836F3A /* mach_race_client */,
			);
		};
/* End PBXProject section */

/* Begin PBXSourcesBuildPhase section */
		7BF1A8F21AEE782900836F3A /* Sources */ = {
			isa = PBXSourcesBuildPhase;
			buildActionMask = 2147483647;
			files = (
				7BF1A8FA1AEE782900836F3A /* main.c in Sources */,
				7BF1A9091AEE7C7700836F3A /* utils.c in Sources */,
			);
			runOnlyForDeploymentPostprocessing = 0;
		};
/* End PBXSourcesBuildPhase section */

/* Begin XCBuildConfiguration section */
		7BF1A8FB1AEE782900836F3A /* Debug */ = {
			isa = XCBuildConfiguration;
			buildSettings = {
				ALWAYS_SEARCH_USER_PATHS = NO;
				CLANG_CXX_LANGUAGE_STANDARD = "gnu++0x";
				CLANG_CXX_LIBRARY = "libc++";
				CLANG_ENABLE_MODULES = YES;
				CLANG_ENABLE_OBJC_ARC = YES;
				CLANG_WARN_BOOL_CONVERSION = YES;
				CLANG_WARN_CONSTANT_CONVERSION = YES;
				CLANG_WARN_DIRECT_OBJC_ISA_USAGE = YES_ERROR;
				CLANG_WARN_EMPTY_BODY = YES;
				CLANG_WARN_ENUM_CONVERSION = YES;
				CLANG_WARN_INT_CONVERSION = YES;
				CLANG_WARN_OBJC_ROOT_CLASS = YES_ERROR;
				CLANG_WARN_UNREACHABLE_CODE = YES;
				CLANG_WARN__DUPLICATE_METHOD_MATCH = YES;
				COPY_PHASE_STRIP = NO;
				ENABLE_STRICT_OBJC_MSGSEND = YES;
				GCC_C_LANGUAGE_STANDARD = gnu99;
				GCC_DYNAMIC_NO_PIC = NO;
				GCC_OPTIMIZATION_LEVEL = 0;
				GCC_PREPROCESSOR_DEFINITIONS = (
					"DEBUG=1",
					"$(inherited)",
				);
				GCC_SYMBOLS_PRIVATE_EXTERN = NO;
				GCC_WARN_64_TO_32_BIT_CONVERSION = YES;
				GCC_WARN_ABOUT_RETURN_TYPE = YES_ERROR;
				GCC_WARN_UNDECLARED_SELECTOR = YES;
				GCC_WARN_UNINITIALIZED_AUTOS = YES_AGGRESSIVE;
				GCC_WARN_UNUSED_FUNCTION = YES;
				GCC_WARN_UNUSED_VARIABLE = YES;
				MACOSX_DEPLOYMENT_TARGET = 10.9;
				MTL_ENABLE_DEBUG_INFO = YES;
				ONLY_ACTIVE_ARCH = YES;
				SDKROOT = macosx;
			};
			name = Debug;
		};
		7BF1A8FC1AEE782900836F3A /* Release */ = {
			isa = XCBuildConfiguration;
			buildSettings = {
				ALWAYS_SEARCH_USER_PATHS = NO;
				CLANG_CXX_LANGUAGE_STANDARD = "gnu++0x";
				CLANG_CXX_LIBRARY = "libc++";
				CLANG_ENABLE_MODULES = YES;
				CLANG_ENABLE_OBJC_ARC = YES;
				CLANG_WARN_BOOL_CONVERSION = YES;
				CLANG_WARN_CONSTANT_CONVERSION = YES;
				CLANG_WARN_DIRECT_OBJC_ISA_USAGE = YES_ERROR;
				CLANG_WARN_EMPTY_BODY = YES;
				CLANG_WARN_ENUM_CONVERSION = YES;
				CLANG_WARN_INT_CONVERSION = YES;
				CLANG_WARN_OBJC_ROOT_CLASS = YES_ERROR;
				CLANG_WARN_UNREACHABLE_CODE = YES;
				CLANG_WARN__DUPLICATE_METHOD_MATCH = YES;
				COPY_PHASE_STRIP = NO;
				DEBUG_INFORMATION_FORMAT = "dwarf-with-dsym";
				ENABLE_NS_ASSERTIONS = NO;
				ENABLE_STRICT_OBJC_MSGSEND = YES;
				GCC_C_LANGUAGE_STANDARD = gnu99;
				GCC_WARN_64_TO_32_BIT_CONVERSION = YES;
				GCC_WARN_ABOUT_RETURN_TYPE = YES_ERROR;
				GCC_WARN_UNDECLARED_SELECTOR = YES;
				GCC_WARN_UNINITIALIZED_AUTOS = YES_AGGRESSIVE;
				GCC_WARN_UNUSED_FUNCTION = YES;
				GCC_WARN_UNUSED_VARIABLE = YES;
				MACOSX_DEPLOYMENT_TARGET = 10.9;
				MTL_ENABLE_DEBUG_INFO = NO;
				SDKROOT = macosx;
			};
			name = Release;
		};
		7BF1A8FE1AEE782900836F3A /* Debug */ = {
			isa = XCBuildConfiguration;
			buildSettings = {
				MACOSX_DEPLOYMENT_TARGET = 10.7;
				PRODUCT_NAME = "$(TARGET_NAME)";
			};
			name = Debug;
		};
		7BF1A8FF1AEE782900836F3A /* Release */ = {
			isa = XCBuildConfiguration;
			buildSettings = {
				MACOSX_DEPLOYMENT_TARGET = 10.7;
				PRODUCT_NAME = "$(TARGET_NAME)";
			};
			name = Release;
		};
/* End XCBuildConfiguration section */

/* Begin XCConfigurationList section */
		7BF1A8F11AEE782900836F3A /* Build configuration list for PBXProject "mach_race_client" */ = {
			isa = XCConfigurationList;
			buildConfigurations = (
				7BF1A8FB1AEE782900836F3A /* Debug */,
				7BF1A8FC1AEE782900836F3A /* Release */,
			);
			defaultConfigurationIsVisible = 0;
			defaultConfigurationName = Release;
		};
		7BF1A8FD1AEE782900836F3A /* Build configuration list for PBXNativeTarget "mach_race_client" */ = {
			isa = XCConfigurationList;
			buildConfigurations = (
				7BF1A8FE1AEE782900836F3A /* Debug */,
				7BF1A8FF1AEE782900836F3A /* Release */,
			);
			defaultConfigurationIsVisible = 0;
			defaultConfigurationName = Release;
		};
/* End XCConfigurationList section */
	};
	rootObject = 7BF1A8EE1AEE782900836F3A /* Project object */;
}
